
Microsoft Visual Studio Solution File, Format Version 12.00
# Visual Studio 15
VisualStudioVersion = 15.0.27428.2043
MinimumVisualStudioVersion = 10.0.40219.1
Project("{FAE04EC0-301F-11D3-BF4B-00C04F79EFBC}") = "ConsoleApp1", "ConsoleApp1\ConsoleApp1.csproj", "{33F9CA33-A9E6-4E6A-A1CF-BCB2412DFA2C}"
EndProject
Project("{FAE04EC0-301F-11D3-BF4B-00C04F79EFBC}") = "ConsoleApp2", "ConsoleApp2\ConsoleApp2.csproj", "{20559B0F-BE37-4E43-8593-7133C4A0A09B}"
EndProject
Project("{FAE04EC0-301F-11D3-BF4B-00C04F79EFBC}") = "ConsoleApp3", "ConsoleApp3\ConsoleApp3.csproj", "{AAE5C29F-113D-4250-9623-E3D7F9CB45D9}"
EndProject
Global
	GlobalSection(SolutionConfigurationPlatforms) = preSolution
		Debug|Any CPU = Debug|Any CPU
		Release|Any CPU = Release|Any CPU
	EndGlobalSection
	GlobalSection(ProjectConfigurationPlatforms) = postSolution
		{33F9CA33-A9E6-4E6A-A1CF-BCB2412DFA2C}.Debug|Any CPU.ActiveCfg = Debug|Any CPU
		{33F9CA33-A9E6-4E6A-A1CF-BCB2412DFA2C}.Debug|Any CPU.Build.0 = Debug|Any CPU
		{33F9CA33-A9E6-4E6A-A1CF-BCB2412DFA2C}.Release|Any CPU.ActiveCfg = Release|Any CPU
		{33F9CA33-A9E6-4E6A-A1CF-BCB2412DFA2C}.Release|Any CPU.Build.0 = Release|Any CPU
		{20559B0F-BE37-4E43-8593-7133C4A0A09B}.Debug|Any CPU.ActiveCfg = Debug|Any CPU
		{20559B0F-BE37-4E43-8593-7133C4A0A09B}.Debug|Any CPU.Build.0 = Debug|Any CPU
		{20559B0F-BE37-4E43-8593-7133C4A0A09B}.Release|Any CPU.ActiveCfg = Release|Any CPU
		{20559B0F-BE37-4E43-8593-7133C4A0A09B}.Release|Any CPU.Build.0 = Release|Any CPU
		{AAE5C29F-113D-4250-9623-E3D7F9CB45D9}.Debug|Any CPU.ActiveCfg = Debug|Any CPU
		{AAE5C29F-113D-4250-9623-E3D7F9CB45D9}.Debug|Any CPU.Build.0 = Debug|Any CPU
		{AAE5C29F-113D-4250-9623-E3D7F9CB45D9}.Release|Any CPU.ActiveCfg = Release|Any CPU
		{AAE5C29F-113D-4250-9623-E3D7F9CB45D9}.Release|Any CPU.Build.0 = Release|Any CPU
	EndGlobalSection
	GlobalSection(SolutionProperties) = preSolution
		HideSolutionNode = FALSE
	EndGlobalSection
	GlobalSection(ExtensibilityGlobals) = postSolution
		SolutionGuid = {00EA162C-E9E3-408C-BFBA-B3F4399D2876}
	EndGlobalSection
EndGlobal
